
Microsoft Visual Studio Solution File, Format Version 12.00
# Visual Studio Version 17
VisualStudioVersion = 17.0.31903.59
MinimumVisualStudioVersion = 10.0.40219.1
Project("{9A19103F-16F7-4668-BE54-9A1E7A4F7556}") = "InMemory.Caching", "InMemory.Caching\InMemory.Caching.csproj", "{70BC7261-AFE0-47B2-BBAF-DEC8BAF4472F}"
EndProject
Project("{9A19103F-16F7-4668-BE54-9A1E7A4F7556}") = "Distributed.Caching", "Distributed.Caching\Distributed.Caching.csproj", "{61F7ABF5-7940-4767-A0C8-EEB5DD03592E}"
EndProject
Project("{2150E333-8FDC-42A3-9474-1A3956D46DE8}") = "Solution Items", "Solution Items", "{B30FED1B-9570-49B9-A802-AE4022589654}"
	ProjectSection(SolutionItems) = preProject
		not.md = not.md
	EndProjectSection
EndProject
Project("{FAE04EC0-301F-11D3-BF4B-00C04F79EFBC}") = "MessageBroker.Example", "MessageBroker.Example\MessageBroker.Example.csproj", "{A3E98397-2F6D-44C6-BBF5-83942241907A}"
EndProject
Project("{FAE04EC0-301F-11D3-BF4B-00C04F79EFBC}") = "MessageBroker.Example.Subscriber", "MessageBroker.Example.Subscriber\MessageBroker.Example.Subscriber.csproj", "{DB4B3C98-13B9-450C-A83F-0B096BBC43C4}"
EndProject
Project("{FAE04EC0-301F-11D3-BF4B-00C04F79EFBC}") = "MessageBroker.Example.Publisher", "MessageBroker.Example.Publisher\MessageBroker.Example.Publisher.csproj", "{38C77535-E886-4036-9752-0A4DE85B4DDA}"
EndProject
Global
	GlobalSection(SolutionConfigurationPlatforms) = preSolution
		Debug|Any CPU = Debug|Any CPU
		Release|Any CPU = Release|Any CPU
	EndGlobalSection
	GlobalSection(ProjectConfigurationPlatforms) = postSolution
		{70BC7261-AFE0-47B2-BBAF-DEC8BAF4472F}.Debug|Any CPU.ActiveCfg = Debug|Any CPU
		{70BC7261-AFE0-47B2-BBAF-DEC8BAF4472F}.Debug|Any CPU.Build.0 = Debug|Any CPU
		{70BC7261-AFE0-47B2-BBAF-DEC8BAF4472F}.Release|Any CPU.ActiveCfg = Release|Any CPU
		{70BC7261-AFE0-47B2-BBAF-DEC8BAF4472F}.Release|Any CPU.Build.0 = Release|Any CPU
		{61F7ABF5-7940-4767-A0C8-EEB5DD03592E}.Debug|Any CPU.ActiveCfg = Debug|Any CPU
		{61F7ABF5-7940-4767-A0C8-EEB5DD03592E}.Debug|Any CPU.Build.0 = Debug|Any CPU
		{61F7ABF5-7940-4767-A0C8-EEB5DD03592E}.Release|Any CPU.ActiveCfg = Release|Any CPU
		{61F7ABF5-7940-4767-A0C8-EEB5DD03592E}.Release|Any CPU.Build.0 = Release|Any CPU
		{A3E98397-2F6D-44C6-BBF5-83942241907A}.Debug|Any CPU.ActiveCfg = Debug|Any CPU
		{A3E98397-2F6D-44C6-BBF5-83942241907A}.Debug|Any CPU.Build.0 = Debug|Any CPU
		{A3E98397-2F6D-44C6-BBF5-83942241907A}.Release|Any CPU.ActiveCfg = Release|Any CPU
		{A3E98397-2F6D-44C6-BBF5-83942241907A}.Release|Any CPU.Build.0 = Release|Any CPU
		{DB4B3C98-13B9-450C-A83F-0B096BBC43C4}.Debug|Any CPU.ActiveCfg = Debug|Any CPU
		{DB4B3C98-13B9-450C-A83F-0B096BBC43C4}.Debug|Any CPU.Build.0 = Debug|Any CPU
		{DB4B3C98-13B9-450C-A83F-0B096BBC43C4}.Release|Any CPU.ActiveCfg = Release|Any CPU
		{DB4B3C98-13B9-450C-A83F-0B096BBC43C4}.Release|Any CPU.Build.0 = Release|Any CPU
		{38C77535-E886-4036-9752-0A4DE85B4DDA}.Debug|Any CPU.ActiveCfg = Debug|Any CPU
		{38C77535-E886-4036-9752-0A4DE85B4DDA}.Debug|Any CPU.Build.0 = Debug|Any CPU
		{38C77535-E886-4036-9752-0A4DE85B4DDA}.Release|Any CPU.ActiveCfg = Release|Any CPU
		{38C77535-E886-4036-9752-0A4DE85B4DDA}.Release|Any CPU.Build.0 = Release|Any CPU
	EndGlobalSection
	GlobalSection(SolutionProperties) = preSolution
		HideSolutionNode = FALSE
	EndGlobalSection
	GlobalSection(ExtensibilityGlobals) = postSolution
		SolutionGuid = {59E3C45A-C474-4FFA-8F47-E5EFEF98DED6}
	EndGlobalSection
EndGlobal
